
Microsoft Visual Studio Solution File, Format Version 12.00
# Visual Studio Version 16
VisualStudioVersion = 16.0.31702.278
MinimumVisualStudioVersion = 10.0.40219.1
Project("{FAE04EC0-301F-11D3-BF4B-00C04F79EFBC}") = "GitClient", "GitClient\GitClient.csproj", "{7E6715F3-55D5-4DC4-83FE-0D8F2F60BECA}"
EndProject
Global
	GlobalSection(SolutionConfigurationPlatforms) = preSolution
		Debug|Any CPU = Debug|Any CPU
		Release|Any CPU = Release|Any CPU
	EndGlobalSection
	GlobalSection(ProjectConfigurationPlatforms) = postSolution
		{7E6715F3-55D5-4DC4-83FE-0D8F2F60BECA}.Debug|Any CPU.ActiveCfg = Debug|Any CPU
		{7E6715F3-55D5-4DC4-83FE-0D8F2F60BECA}.Debug|Any CPU.Build.0 = Debug|Any CPU
		{7E6715F3-55D5-4DC4-83FE-0D8F2F60BECA}.Release|Any CPU.ActiveCfg = Release|Any CPU
		{7E6715F3-55D5-4DC4-83FE-0D8F2F60BECA}.Release|Any CPU.Build.0 = Release|Any CPU
	EndGlobalSection
	GlobalSection(SolutionProperties) = preSolution
		HideSolutionNode = FALSE
	EndGlobalSection
	GlobalSection(ExtensibilityGlobals) = postSolution
		SolutionGuid = {29F78B6D-A901-41B2-A1F2-7C869BEAA02E}
	EndGlobalSection
EndGlobal
